
Microsoft Visual Studio Solution File, Format Version 12.00
# Visual Studio 2013
VisualStudioVersion = 12.0.31101.0
MinimumVisualStudioVersion = 10.0.40219.1
Project("{FAE04EC0-301F-11D3-BF4B-00C04F79EFBC}") = "WordPlay", "WordPlay\WordPlay.csproj", "{5EB02EB7-742E-412C-B9B1-953FFDAE4256}"
EndProject
Project("{FAE04EC0-301F-11D3-BF4B-00C04F79EFBC}") = "WordPlay.Tests", "WordPlay.Tests\WordPlay.Tests.csproj", "{AD039CC9-9FA0-4281-9D5D-DE341A0C4B91}"
EndProject
Global
	GlobalSection(SolutionConfigurationPlatforms) = preSolution
		Debug|Any CPU = Debug|Any CPU
		Release|Any CPU = Release|Any CPU
	EndGlobalSection
	GlobalSection(ProjectConfigurationPlatforms) = postSolution
		{5EB02EB7-742E-412C-B9B1-953FFDAE4256}.Debug|Any CPU.ActiveCfg = Debug|Any CPU
		{5EB02EB7-742E-412C-B9B1-953FFDAE4256}.Debug|Any CPU.Build.0 = Debug|Any CPU
		{5EB02EB7-742E-412C-B9B1-953FFDAE4256}.Release|Any CPU.ActiveCfg = Release|Any CPU
		{5EB02EB7-742E-412C-B9B1-953FFDAE4256}.Release|Any CPU.Build.0 = Release|Any CPU
		{AD039CC9-9FA0-4281-9D5D-DE341A0C4B91}.Debug|Any CPU.ActiveCfg = Debug|Any CPU
		{AD039CC9-9FA0-4281-9D5D-DE341A0C4B91}.Debug|Any CPU.Build.0 = Debug|Any CPU
		{AD039CC9-9FA0-4281-9D5D-DE341A0C4B91}.Release|Any CPU.ActiveCfg = Release|Any CPU
		{AD039CC9-9FA0-4281-9D5D-DE341A0C4B91}.Release|Any CPU.Build.0 = Release|Any CPU
	EndGlobalSection
	GlobalSection(SolutionProperties) = preSolution
		HideSolutionNode = FALSE
	EndGlobalSection
EndGlobal
